
Microsoft Visual Studio Solution File, Format Version 12.00
# Visual Studio Version 17
VisualStudioVersion = 17.3.32922.545
MinimumVisualStudioVersion = 10.0.40219.1
Project("{9A19103F-16F7-4668-BE54-9A1E7A4F7556}") = "FSPBook.Portal", "FSPBook.Portal\FSPBook.Portal.csproj", "{92C0BAC8-5352-4352-A58B-37D5DA460F2E}"
EndProject
Project("{9A19103F-16F7-4668-BE54-9A1E7A4F7556}") = "FSPBook.Data", "FSPBook.Data\FSPBook.Data.csproj", "{2BAE492C-08D1-41AF-9814-EFBABDBF87AE}"
EndProject
Project("{2150E333-8FDC-42A3-9474-1A3956D46DE8}") = "Solution Items", "Solution Items", "{AA509EA0-8C70-40B0-9EE8-6504E1AC7D03}"
	ProjectSection(SolutionItems) = preProject
		README.md = README.md
	EndProjectSection
EndProject
Project("{FAE04EC0-301F-11D3-BF4B-00C04F79EFBC}") = "FSPBook.DAL", "FSPBook.DAL\FSPBook.DAL.csproj", "{3EB12867-1C15-406B-B166-345A90F903B7}"
EndProject
Project("{FAE04EC0-301F-11D3-BF4B-00C04F79EFBC}") = "FSPBook.Test", "FSPBook.Test\FSPBook.Test.csproj", "{E5421AF0-48BB-4F7B-AA29-53CC1898D6FC}"
EndProject
Global
	GlobalSection(SolutionConfigurationPlatforms) = preSolution
		Debug|Any CPU = Debug|Any CPU
		Release|Any CPU = Release|Any CPU
	EndGlobalSection
	GlobalSection(ProjectConfigurationPlatforms) = postSolution
		{92C0BAC8-5352-4352-A58B-37D5DA460F2E}.Debug|Any CPU.ActiveCfg = Debug|Any CPU
		{92C0BAC8-5352-4352-A58B-37D5DA460F2E}.Debug|Any CPU.Build.0 = Debug|Any CPU
		{92C0BAC8-5352-4352-A58B-37D5DA460F2E}.Release|Any CPU.ActiveCfg = Release|Any CPU
		{92C0BAC8-5352-4352-A58B-37D5DA460F2E}.Release|Any CPU.Build.0 = Release|Any CPU
		{2BAE492C-08D1-41AF-9814-EFBABDBF87AE}.Debug|Any CPU.ActiveCfg = Debug|Any CPU
		{2BAE492C-08D1-41AF-9814-EFBABDBF87AE}.Debug|Any CPU.Build.0 = Debug|Any CPU
		{2BAE492C-08D1-41AF-9814-EFBABDBF87AE}.Release|Any CPU.ActiveCfg = Release|Any CPU
		{2BAE492C-08D1-41AF-9814-EFBABDBF87AE}.Release|Any CPU.Build.0 = Release|Any CPU
		{3EB12867-1C15-406B-B166-345A90F903B7}.Debug|Any CPU.ActiveCfg = Debug|Any CPU
		{3EB12867-1C15-406B-B166-345A90F903B7}.Debug|Any CPU.Build.0 = Debug|Any CPU
		{3EB12867-1C15-406B-B166-345A90F903B7}.Release|Any CPU.ActiveCfg = Release|Any CPU
		{3EB12867-1C15-406B-B166-345A90F903B7}.Release|Any CPU.Build.0 = Release|Any CPU
		{E5421AF0-48BB-4F7B-AA29-53CC1898D6FC}.Debug|Any CPU.ActiveCfg = Debug|Any CPU
		{E5421AF0-48BB-4F7B-AA29-53CC1898D6FC}.Debug|Any CPU.Build.0 = Debug|Any CPU
		{E5421AF0-48BB-4F7B-AA29-53CC1898D6FC}.Release|Any CPU.ActiveCfg = Release|Any CPU
		{E5421AF0-48BB-4F7B-AA29-53CC1898D6FC}.Release|Any CPU.Build.0 = Release|Any CPU
	EndGlobalSection
	GlobalSection(SolutionProperties) = preSolution
		HideSolutionNode = FALSE
	EndGlobalSection
	GlobalSection(ExtensibilityGlobals) = postSolution
		SolutionGuid = {42E985D4-8AAB-482F-A45D-92929A2FACB0}
	EndGlobalSection
EndGlobal
